// !$*UTF8*$!
{
	archiveVersion = 1;
	classes = {
	};
	objectVersion = 46;
	objects = {

/* Begin PBXBuildFile section */
		74FDBAA21ACA0AED00DDE1AE /* main.swift in Sources */ = {isa = PBXBuildFile; fileRef = 74FDBAA11ACA0AED00DDE1AE /* main.swift */; };
/* End PBXBuildFile section */

/* Begin PBXCopyFilesBuildPhase section */
		74FDBA9C1ACA0AEC00DDE1AE /* CopyFiles */ = {
			isa = PBXCopyFilesBuildPhase;
			buildActionMask = 2147483647;
			dstPath = /usr/share/man/man1/;
			dstSubfolderSpec = 0;
			files = (
			);
			runOnlyForDeploymentPostprocessing = 1;
		};
/* End PBXCopyFilesBuildPhase section */

/* Begin PBXFileReference section */
		74FDBA9E1ACA0AEC00DDE1AE /* DataValidationDemo */ = {isa = PBXFileReference; explicitFileType = "compiled.mach-o.executable"; includeInIndex = 0; path = DataValidationDemo; sourceTree = BUILT_PRODUCTS_DIR; };
		74FDBAA11ACA0AED00DDE1AE /* main.swift */ = {isa = PBXFileReference; lastKnownFileType = sourcecode.swift; path = main.swift; sourceTree = "<group>"; };
/* End PBXFileReference section */

/* Begin PBXFrameworksBuildPhase section */
		74FDBA9B1ACA0AEC00DDE1AE /* Frameworks */ = {
			isa = PBXFrameworksBuildPhase;
			buildActionMask = 2147483647;
			files = (
			);
			runOnlyForDeploymentPostprocessing = 0;
		};
/* End PBXFrameworksBuildPhase section */

/* Begin PBXGroup section */
		74FDBA951ACA0AEB00DDE1AE = {
			isa = PBXGroup;
			children = (
				74FDBAA01ACA0AEC00DDE1AE /* DataValidationDemo */,
				74FDBA9F1ACA0AEC00DDE1AE /* Products */,
			);
			sourceTree = "<group>";
		};
		74FDBA9F1ACA0AEC00DDE1AE /* Products */ = {
			isa = PBXGroup;
			children = (
				74FDBA9E1ACA0AEC00DDE1AE /* DataValidationDemo */,
			);
			name = Products;
			sourceTree = "<group>";
		};
		74FDBAA01ACA0AEC00DDE1AE /* DataValidationDemo */ = {
			isa = PBXGroup;
			children = (
				74FDBAA11ACA0AED00DDE1AE /* main.swift */,
			);
			path = DataValidationDemo;
			sourceTree = "<group>";
		};
/* End PBXGroup section */

/* Begin PBXNativeTarget section */
		74FDBA9D1ACA0AEC00DDE1AE /* DataValidationDemo */ = {
			isa = PBXNativeTarget;
			buildConfigurationList = 74FDBAA51ACA0AED00DDE1AE /* Build configuration list for PBXNativeTarget "DataValidationDemo" */;
			buildPhases = (
				74FDBA9A1ACA0AEC00DDE1AE /* Sources */,
				74FDBA9B1ACA0AEC00DDE1AE /* Frameworks */,
				74FDBA9C1ACA0AEC00DDE1AE /* CopyFiles */,
			);
			buildRules = (
			);
			dependencies = (
			);
			name = DataValidationDemo;
			productName = DataValidationDemo;
			productReference = 74FDBA9E1ACA0AEC00DDE1AE /* DataValidationDemo */;
			productType = "com.apple.product-type.tool";
		};
/* End PBXNativeTarget section */

/* Begin PBXProject section */
		74FDBA961ACA0AEB00DDE1AE /* Project object */ = {
			isa = PBXProject;
			attributes = {
				LastUpgradeCheck = 0620;
				ORGANIZATIONNAME = "Franklin Chen";
				TargetAttributes = {
					74FDBA9D1ACA0AEC00DDE1AE = {
						CreatedOnToolsVersion = 6.2;
					};
				};
			};
			buildConfigurationList = 74FDBA991ACA0AEB00DDE1AE /* Build configuration list for PBXProject "DataValidationDemo" */;
			compatibilityVersion = "Xcode 3.2";
			developmentRegion = English;
			hasScannedForEncodings = 0;
			knownRegions = (
				en,
			);
			mainGroup = 74FDBA951ACA0AEB00DDE1AE;
			productRefGroup = 74FDBA9F1ACA0AEC00DDE1AE /* Products */;
			projectDirPath = "";
			projectRoot = "";
			targets = (
				74FDBA9D1ACA0AEC00DDE1AE /* DataValidationDemo */,
			);
		};
/* End PBXProject section */

/* Begin PBXSourcesBuildPhase section */
		74FDBA9A1ACA0AEC00DDE1AE /* Sources */ = {
			isa = PBXSourcesBuildPhase;
			buildActionMask = 2147483647;
			files = (
				74FDBAA21ACA0AED00DDE1AE /* main.swift in Sources */,
			);
			runOnlyForDeploymentPostprocessing = 0;
		};
/* End PBXSourcesBuildPhase section */

/* Begin XCBuildConfiguration section */
		74FDBAA31ACA0AED00DDE1AE /* Debug */ = {
			isa = XCBuildConfiguration;
			buildSettings = {
				ALWAYS_SEARCH_USER_PATHS = NO;
				CLANG_CXX_LANGUAGE_STANDARD = "gnu++0x";
				CLANG_CXX_LIBRARY = "libc++";
				CLANG_ENABLE_MODULES = YES;
				CLANG_ENABLE_OBJC_ARC = YES;
				CLANG_WARN_BOOL_CONVERSION = YES;
				CLANG_WARN_CONSTANT_CONVERSION = YES;
				CLANG_WARN_DIRECT_OBJC_ISA_USAGE = YES_ERROR;
				CLANG_WARN_EMPTY_BODY = YES;
				CLANG_WARN_ENUM_CONVERSION = YES;
				CLANG_WARN_INT_CONVERSION = YES;
				CLANG_WARN_OBJC_ROOT_CLASS = YES_ERROR;
				CLANG_WARN_UNREACHABLE_CODE = YES;
				CLANG_WARN__DUPLICATE_METHOD_MATCH = YES;
				COPY_PHASE_STRIP = NO;
				ENABLE_STRICT_OBJC_MSGSEND = YES;
				GCC_C_LANGUAGE_STANDARD = gnu99;
				GCC_DYNAMIC_NO_PIC = NO;
				GCC_OPTIMIZATION_LEVEL = 0;
				GCC_PREPROCESSOR_DEFINITIONS = (
					"DEBUG=1",
					"$(inherited)",
				);
				GCC_SYMBOLS_PRIVATE_EXTERN = NO;
				GCC_WARN_64_TO_32_BIT_CONVERSION = YES;
				GCC_WARN_ABOUT_RETURN_TYPE = YES_ERROR;
				GCC_WARN_UNDECLARED_SELECTOR = YES;
				GCC_WARN_UNINITIALIZED_AUTOS = YES_AGGRESSIVE;
				GCC_WARN_UNUSED_FUNCTION = YES;
				GCC_WARN_UNUSED_VARIABLE = YES;
				MACOSX_DEPLOYMENT_TARGET = 10.10;
				MTL_ENABLE_DEBUG_INFO = YES;
				ONLY_ACTIVE_ARCH = YES;
				SDKROOT = macosx;
				SWIFT_OPTIMIZATION_LEVEL = "-Onone";
			};
			name = Debug;
		};
		74FDBAA41ACA0AED00DDE1AE /* Release */ = {
			isa = XCBuildConfiguration;
			buildSettings = {
				ALWAYS_SEARCH_USER_PATHS = NO;
				CLANG_CXX_LANGUAGE_STANDARD = "gnu++0x";
				CLANG_CXX_LIBRARY = "libc++";
				CLANG_ENABLE_MODULES = YES;
				CLANG_ENABLE_OBJC_ARC = YES;
				CLANG_WARN_BOOL_CONVERSION = YES;
				CLANG_WARN_CONSTANT_CONVERSION = YES;
				CLANG_WARN_DIRECT_OBJC_ISA_USAGE = YES_ERROR;
				CLANG_WARN_EMPTY_BODY = YES;
				CLANG_WARN_ENUM_CONVERSION = YES;
				CLANG_WARN_INT_CONVERSION = YES;
				CLANG_WARN_OBJC_ROOT_CLASS = YES_ERROR;
				CLANG_WARN_UNREACHABLE_CODE = YES;
				CLANG_WARN__DUPLICATE_METHOD_MATCH = YES;
				COPY_PHASE_STRIP = NO;
				DEBUG_INFORMATION_FORMAT = "dwarf-with-dsym";
				ENABLE_NS_ASSERTIONS = NO;
				ENABLE_STRICT_OBJC_MSGSEND = YES;
				GCC_C_LANGUAGE_STANDARD = gnu99;
				GCC_WARN_64_TO_32_BIT_CONVERSION = YES;
				GCC_WARN_ABOUT_RETURN_TYPE = YES_ERROR;
				GCC_WARN_UNDECLARED_SELECTOR = YES;
				GCC_WARN_UNINITIALIZED_AUTOS = YES_AGGRESSIVE;
				GCC_WARN_UNUSED_FUNCTION = YES;
				GCC_WARN_UNUSED_VARIABLE = YES;
				MACOSX_DEPLOYMENT_TARGET = 10.10;
				MTL_ENABLE_DEBUG_INFO = NO;
				SDKROOT = macosx;
			};
			name = Release;
		};
		74FDBAA61ACA0AED00DDE1AE /* Debug */ = {
			isa = XCBuildConfiguration;
			buildSettings = {
				PRODUCT_NAME = "$(TARGET_NAME)";
			};
			name = Debug;
		};
		74FDBAA71ACA0AED00DDE1AE /* Release */ = {
			isa = XCBuildConfiguration;
			buildSettings = {
				PRODUCT_NAME = "$(TARGET_NAME)";
			};
			name = Release;
		};
/* End XCBuildConfiguration section */

/* Begin XCConfigurationList section */
		74FDBA991ACA0AEB00DDE1AE /* Build configuration list for PBXProject "DataValidationDemo" */ = {
			isa = XCConfigurationList;
			buildConfigurations = (
				74FDBAA31ACA0AED00DDE1AE /* Debug */,
				74FDBAA41ACA0AED00DDE1AE /* Release */,
			);
			defaultConfigurationIsVisible = 0;
			defaultConfigurationName = Release;
		};
		74FDBAA51ACA0AED00DDE1AE /* Build configuration list for PBXNativeTarget "DataValidationDemo" */ = {
			isa = XCConfigurationList;
			buildConfigurations = (
				74FDBAA61ACA0AED00DDE1AE /* Debug */,
				74FDBAA71ACA0AED00DDE1AE /* Release */,
			);
			defaultConfigurationIsVisible = 0;
		};
/* End XCConfigurationList section */
	};
	rootObject = 74FDBA961ACA0AEB00DDE1AE /* Project object */;
}
